
Microsoft Visual Studio Solution File, Format Version 12.00
# Visual Studio Version 17
VisualStudioVersion = 17.0.31903.59
MinimumVisualStudioVersion = 10.0.40219.1
Project("{FAE04EC0-301F-11D3-BF4B-00C04F79EFBC}") = "Codeanish.Data", "Codeanish.Data\Codeanish.Data.csproj", "{9548667E-8786-41EB-BD20-DF471E2EC752}"
EndProject
Project("{FAE04EC0-301F-11D3-BF4B-00C04F79EFBC}") = "Codeanish.Data.CLI", "Codeanish.Data.CLI\Codeanish.Data.CLI.csproj", "{B07AF8DB-0620-4AF7-A3AA-9D8816C56638}"
EndProject
Global
	GlobalSection(SolutionConfigurationPlatforms) = preSolution
		Debug|Any CPU = Debug|Any CPU
		Release|Any CPU = Release|Any CPU
	EndGlobalSection
	GlobalSection(SolutionProperties) = preSolution
		HideSolutionNode = FALSE
	EndGlobalSection
	GlobalSection(ProjectConfigurationPlatforms) = postSolution
		{9548667E-8786-41EB-BD20-DF471E2EC752}.Debug|Any CPU.ActiveCfg = Debug|Any CPU
		{9548667E-8786-41EB-BD20-DF471E2EC752}.Debug|Any CPU.Build.0 = Debug|Any CPU
		{9548667E-8786-41EB-BD20-DF471E2EC752}.Release|Any CPU.ActiveCfg = Release|Any CPU
		{9548667E-8786-41EB-BD20-DF471E2EC752}.Release|Any CPU.Build.0 = Release|Any CPU
		{B07AF8DB-0620-4AF7-A3AA-9D8816C56638}.Debug|Any CPU.ActiveCfg = Debug|Any CPU
		{B07AF8DB-0620-4AF7-A3AA-9D8816C56638}.Debug|Any CPU.Build.0 = Debug|Any CPU
		{B07AF8DB-0620-4AF7-A3AA-9D8816C56638}.Release|Any CPU.ActiveCfg = Release|Any CPU
		{B07AF8DB-0620-4AF7-A3AA-9D8816C56638}.Release|Any CPU.Build.0 = Release|Any CPU
	EndGlobalSection
EndGlobal
